
Microsoft Visual Studio Solution File, Format Version 12.00
# Visual Studio Version 17
VisualStudioVersion = 17.9.34607.119
MinimumVisualStudioVersion = 10.0.40219.1
Project("{FAE04EC0-301F-11D3-BF4B-00C04F79EFBC}") = "Lab13Exercitii", "Lab13Exercitii\Lab13Exercitii.csproj", "{71D944B7-487F-4957-9AED-4F0475C885DD}"
EndProject
Project("{FAE04EC0-301F-11D3-BF4B-00C04F79EFBC}") = "Lab13ExercitiiTests1", "Lab13ExercitiiTests1\Lab13ExercitiiTests1.csproj", "{A62420B7-ADDA-4DEF-A134-8C5A685A156C}"
EndProject
Global
	GlobalSection(SolutionConfigurationPlatforms) = preSolution
		Debug|Any CPU = Debug|Any CPU
		Release|Any CPU = Release|Any CPU
	EndGlobalSection
	GlobalSection(ProjectConfigurationPlatforms) = postSolution
		{71D944B7-487F-4957-9AED-4F0475C885DD}.Debug|Any CPU.ActiveCfg = Debug|Any CPU
		{71D944B7-487F-4957-9AED-4F0475C885DD}.Debug|Any CPU.Build.0 = Debug|Any CPU
		{71D944B7-487F-4957-9AED-4F0475C885DD}.Release|Any CPU.ActiveCfg = Release|Any CPU
		{71D944B7-487F-4957-9AED-4F0475C885DD}.Release|Any CPU.Build.0 = Release|Any CPU
		{A62420B7-ADDA-4DEF-A134-8C5A685A156C}.Debug|Any CPU.ActiveCfg = Debug|Any CPU
		{A62420B7-ADDA-4DEF-A134-8C5A685A156C}.Debug|Any CPU.Build.0 = Debug|Any CPU
		{A62420B7-ADDA-4DEF-A134-8C5A685A156C}.Release|Any CPU.ActiveCfg = Release|Any CPU
		{A62420B7-ADDA-4DEF-A134-8C5A685A156C}.Release|Any CPU.Build.0 = Release|Any CPU
	EndGlobalSection
	GlobalSection(SolutionProperties) = preSolution
		HideSolutionNode = FALSE
	EndGlobalSection
	GlobalSection(ExtensibilityGlobals) = postSolution
		SolutionGuid = {C48A9F27-E77C-4C24-841F-0DF9936983F8}
	EndGlobalSection
EndGlobal
